
Microsoft Visual Studio Solution File, Format Version 12.00
# Visual Studio 2015
Project("{FAE04EC0-301F-11D3-BF4B-00C04F79EFBC}") = "uiLab", "uiLab.csproj", "{6B7FE9D5-5918-85A5-F7FA-12F591C693B6}"
EndProject
Global
	GlobalSection(SolutionConfigurationPlatforms) = preSolution
		Debug|Any CPU = Debug|Any CPU
		Release|Any CPU = Release|Any CPU
	EndGlobalSection
	GlobalSection(ProjectConfigurationPlatforms) = postSolution
		{6B7FE9D5-5918-85A5-F7FA-12F591C693B6}.Debug|Any CPU.ActiveCfg = Debug|Any CPU
		{6B7FE9D5-5918-85A5-F7FA-12F591C693B6}.Debug|Any CPU.Build.0 = Debug|Any CPU
		{6B7FE9D5-5918-85A5-F7FA-12F591C693B6}.Release|Any CPU.ActiveCfg = Release|Any CPU
		{6B7FE9D5-5918-85A5-F7FA-12F591C693B6}.Release|Any CPU.Build.0 = Release|Any CPU
	EndGlobalSection
	GlobalSection(SolutionProperties) = preSolution
		HideSolutionNode = FALSE
	EndGlobalSection
EndGlobal
